// !$*UTF8*$!
{
	archiveVersion = 1;
	classes = {
	};
	objectVersion = 52;
	objects = {

/* Begin PBXBuildFile section */
		5B88580E2350EA8D004F74B6 /* HKObserverHelper.swift in Sources */ = {isa = PBXBuildFile; fileRef = 5B88580D2350EA8D004F74B6 /* HKObserverHelper.swift */; };
		5B8858112350FBD9004F74B6 /* SwiftUICharts in Frameworks */ = {isa = PBXBuildFile; productRef = 5B8858102350FBD9004F74B6 /* SwiftUICharts */; };
		8287939B2350DD5E0064ED4B /* AppDelegate.swift in Sources */ = {isa = PBXBuildFile; fileRef = 8287939A2350DD5E0064ED4B /* AppDelegate.swift */; };
		8287939D2350DD5E0064ED4B /* SceneDelegate.swift in Sources */ = {isa = PBXBuildFile; fileRef = 8287939C2350DD5E0064ED4B /* SceneDelegate.swift */; };
		8287939F2350DD5E0064ED4B /* ContentView.swift in Sources */ = {isa = PBXBuildFile; fileRef = 8287939E2350DD5E0064ED4B /* ContentView.swift */; };
		828793A12350DD600064ED4B /* Assets.xcassets in Resources */ = {isa = PBXBuildFile; fileRef = 828793A02350DD600064ED4B /* Assets.xcassets */; };
		828793A42350DD600064ED4B /* Preview Assets.xcassets in Resources */ = {isa = PBXBuildFile; fileRef = 828793A32350DD600064ED4B /* Preview Assets.xcassets */; };
		828793A72350DD600064ED4B /* LaunchScreen.storyboard in Resources */ = {isa = PBXBuildFile; fileRef = 828793A52350DD600064ED4B /* LaunchScreen.storyboard */; };
		82E9D19B23510A89009F5683 /* Activity.swift in Sources */ = {isa = PBXBuildFile; fileRef = 82E9D19A23510A89009F5683 /* Activity.swift */; };
		82E9D19D23510BF2009F5683 /* ActivityType.swift in Sources */ = {isa = PBXBuildFile; fileRef = 82E9D19C23510BF2009F5683 /* ActivityType.swift */; };
		82E9D19F23510F9C009F5683 /* Competition.swift in Sources */ = {isa = PBXBuildFile; fileRef = 82E9D19E23510F9C009F5683 /* Competition.swift */; };
		82E9D1A123510FF7009F5683 /* Customer.swift in Sources */ = {isa = PBXBuildFile; fileRef = 82E9D1A023510FF7009F5683 /* Customer.swift */; };
/* End PBXBuildFile section */

/* Begin PBXFileReference section */
		5B88580D2350EA8D004F74B6 /* HKObserverHelper.swift */ = {isa = PBXFileReference; lastKnownFileType = sourcecode.swift; path = HKObserverHelper.swift; sourceTree = "<group>"; };
		828793972350DD5E0064ED4B /* hlftrkr.app */ = {isa = PBXFileReference; explicitFileType = wrapper.application; includeInIndex = 0; path = hlftrkr.app; sourceTree = BUILT_PRODUCTS_DIR; };
		8287939A2350DD5E0064ED4B /* AppDelegate.swift */ = {isa = PBXFileReference; lastKnownFileType = sourcecode.swift; path = AppDelegate.swift; sourceTree = "<group>"; };
		8287939C2350DD5E0064ED4B /* SceneDelegate.swift */ = {isa = PBXFileReference; lastKnownFileType = sourcecode.swift; path = SceneDelegate.swift; sourceTree = "<group>"; };
		8287939E2350DD5E0064ED4B /* ContentView.swift */ = {isa = PBXFileReference; lastKnownFileType = sourcecode.swift; path = ContentView.swift; sourceTree = "<group>"; };
		828793A02350DD600064ED4B /* Assets.xcassets */ = {isa = PBXFileReference; lastKnownFileType = folder.assetcatalog; path = Assets.xcassets; sourceTree = "<group>"; };
		828793A32350DD600064ED4B /* Preview Assets.xcassets */ = {isa = PBXFileReference; lastKnownFileType = folder.assetcatalog; path = "Preview Assets.xcassets"; sourceTree = "<group>"; };
		828793A62350DD600064ED4B /* Base */ = {isa = PBXFileReference; lastKnownFileType = file.storyboard; name = Base; path = Base.lproj/LaunchScreen.storyboard; sourceTree = "<group>"; };
		828793A82350DD600064ED4B /* Info.plist */ = {isa = PBXFileReference; lastKnownFileType = text.plist.xml; path = Info.plist; sourceTree = "<group>"; };
		82E9D19A23510A89009F5683 /* Activity.swift */ = {isa = PBXFileReference; lastKnownFileType = sourcecode.swift; path = Activity.swift; sourceTree = "<group>"; };
		82E9D19C23510BF2009F5683 /* ActivityType.swift */ = {isa = PBXFileReference; lastKnownFileType = sourcecode.swift; path = ActivityType.swift; sourceTree = "<group>"; };
		82E9D19E23510F9C009F5683 /* Competition.swift */ = {isa = PBXFileReference; lastKnownFileType = sourcecode.swift; path = Competition.swift; sourceTree = "<group>"; };
		82E9D1A023510FF7009F5683 /* Customer.swift */ = {isa = PBXFileReference; lastKnownFileType = sourcecode.swift; path = Customer.swift; sourceTree = "<group>"; };
/* End PBXFileReference section */

/* Begin PBXFrameworksBuildPhase section */
		828793942350DD5E0064ED4B /* Frameworks */ = {
			isa = PBXFrameworksBuildPhase;
			buildActionMask = 2147483647;
			files = (
				5B8858112350FBD9004F74B6 /* SwiftUICharts in Frameworks */,
			);
			runOnlyForDeploymentPostprocessing = 0;
		};
/* End PBXFrameworksBuildPhase section */

/* Begin PBXGroup section */
		8287938E2350DD5E0064ED4B = {
			isa = PBXGroup;
			children = (
				828793992350DD5E0064ED4B /* hlftrkr */,
				828793982350DD5E0064ED4B /* Products */,
			);
			sourceTree = "<group>";
		};
		828793982350DD5E0064ED4B /* Products */ = {
			isa = PBXGroup;
			children = (
				828793972350DD5E0064ED4B /* hlftrkr.app */,
			);
			name = Products;
			sourceTree = "<group>";
		};
		828793992350DD5E0064ED4B /* hlftrkr */ = {
			isa = PBXGroup;
			children = (
				82E9D19923510960009F5683 /* Models */,
				8287939A2350DD5E0064ED4B /* AppDelegate.swift */,
				8287939C2350DD5E0064ED4B /* SceneDelegate.swift */,
				8287939E2350DD5E0064ED4B /* ContentView.swift */,
				828793A02350DD600064ED4B /* Assets.xcassets */,
				828793A52350DD600064ED4B /* LaunchScreen.storyboard */,
				828793A82350DD600064ED4B /* Info.plist */,
				828793A22350DD600064ED4B /* Preview Content */,
				5B88580D2350EA8D004F74B6 /* HKObserverHelper.swift */,
			);
			path = hlftrkr;
			sourceTree = "<group>";
		};
		828793A22350DD600064ED4B /* Preview Content */ = {
			isa = PBXGroup;
			children = (
				828793A32350DD600064ED4B /* Preview Assets.xcassets */,
			);
			path = "Preview Content";
			sourceTree = "<group>";
		};
		82E9D19923510960009F5683 /* Models */ = {
			isa = PBXGroup;
			children = (
				82E9D19A23510A89009F5683 /* Activity.swift */,
				82E9D19C23510BF2009F5683 /* ActivityType.swift */,
				82E9D19E23510F9C009F5683 /* Competition.swift */,
				82E9D1A023510FF7009F5683 /* Customer.swift */,
			);
			path = Models;
			sourceTree = "<group>";
		};
/* End PBXGroup section */

/* Begin PBXNativeTarget section */
		828793962350DD5E0064ED4B /* hlftrkr */ = {
			isa = PBXNativeTarget;
			buildConfigurationList = 828793AB2350DD600064ED4B /* Build configuration list for PBXNativeTarget "hlftrkr" */;
			buildPhases = (
				828793932350DD5E0064ED4B /* Sources */,
				828793942350DD5E0064ED4B /* Frameworks */,
				828793952350DD5E0064ED4B /* Resources */,
			);
			buildRules = (
			);
			dependencies = (
			);
			name = hlftrkr;
			packageProductDependencies = (
				5B8858102350FBD9004F74B6 /* SwiftUICharts */,
			);
			productName = hlftrkr;
			productReference = 828793972350DD5E0064ED4B /* hlftrkr.app */;
			productType = "com.apple.product-type.application";
		};
/* End PBXNativeTarget section */

/* Begin PBXProject section */
		8287938F2350DD5E0064ED4B /* Project object */ = {
			isa = PBXProject;
			attributes = {
				LastSwiftUpdateCheck = 1110;
				LastUpgradeCheck = 1110;
				ORGANIZATIONNAME = flowudoky;
				TargetAttributes = {
					828793962350DD5E0064ED4B = {
						CreatedOnToolsVersion = 11.1;
					};
				};
			};
			buildConfigurationList = 828793922350DD5E0064ED4B /* Build configuration list for PBXProject "hlftrkr" */;
			compatibilityVersion = "Xcode 9.3";
			developmentRegion = en;
			hasScannedForEncodings = 0;
			knownRegions = (
				en,
				Base,
			);
			mainGroup = 8287938E2350DD5E0064ED4B;
			packageReferences = (
				5B88580F2350FBD9004F74B6 /* XCRemoteSwiftPackageReference "ChartView" */,
			);
			productRefGroup = 828793982350DD5E0064ED4B /* Products */;
			projectDirPath = "";
			projectRoot = "";
			targets = (
				828793962350DD5E0064ED4B /* hlftrkr */,
			);
		};
/* End PBXProject section */

/* Begin PBXResourcesBuildPhase section */
		828793952350DD5E0064ED4B /* Resources */ = {
			isa = PBXResourcesBuildPhase;
			buildActionMask = 2147483647;
			files = (
				828793A72350DD600064ED4B /* LaunchScreen.storyboard in Resources */,
				828793A42350DD600064ED4B /* Preview Assets.xcassets in Resources */,
				828793A12350DD600064ED4B /* Assets.xcassets in Resources */,
			);
			runOnlyForDeploymentPostprocessing = 0;
		};
/* End PBXResourcesBuildPhase section */

/* Begin PBXSourcesBuildPhase section */
		828793932350DD5E0064ED4B /* Sources */ = {
			isa = PBXSourcesBuildPhase;
			buildActionMask = 2147483647;
			files = (
				82E9D19B23510A89009F5683 /* Activity.swift in Sources */,
				5B88580E2350EA8D004F74B6 /* HKObserverHelper.swift in Sources */,
				8287939B2350DD5E0064ED4B /* AppDelegate.swift in Sources */,
				82E9D1A123510FF7009F5683 /* Customer.swift in Sources */,
				8287939D2350DD5E0064ED4B /* SceneDelegate.swift in Sources */,
				82E9D19D23510BF2009F5683 /* ActivityType.swift in Sources */,
				82E9D19F23510F9C009F5683 /* Competition.swift in Sources */,
				8287939F2350DD5E0064ED4B /* ContentView.swift in Sources */,
			);
			runOnlyForDeploymentPostprocessing = 0;
		};
/* End PBXSourcesBuildPhase section */

/* Begin PBXVariantGroup section */
		828793A52350DD600064ED4B /* LaunchScreen.storyboard */ = {
			isa = PBXVariantGroup;
			children = (
				828793A62350DD600064ED4B /* Base */,
			);
			name = LaunchScreen.storyboard;
			sourceTree = "<group>";
		};
/* End PBXVariantGroup section */

/* Begin XCBuildConfiguration section */
		828793A92350DD600064ED4B /* Debug */ = {
			isa = XCBuildConfiguration;
			buildSettings = {
				ALWAYS_SEARCH_USER_PATHS = NO;
				CLANG_ANALYZER_NONNULL = YES;
				CLANG_ANALYZER_NUMBER_OBJECT_CONVERSION = YES_AGGRESSIVE;
				CLANG_CXX_LANGUAGE_STANDARD = "gnu++14";
				CLANG_CXX_LIBRARY = "libc++";
				CLANG_ENABLE_MODULES = YES;
				CLANG_ENABLE_OBJC_ARC = YES;
				CLANG_ENABLE_OBJC_WEAK = YES;
				CLANG_WARN_BLOCK_CAPTURE_AUTORELEASING = YES;
				CLANG_WARN_BOOL_CONVERSION = YES;
				CLANG_WARN_COMMA = YES;
				CLANG_WARN_CONSTANT_CONVERSION = YES;
				CLANG_WARN_DEPRECATED_OBJC_IMPLEMENTATIONS = YES;
				CLANG_WARN_DIRECT_OBJC_ISA_USAGE = YES_ERROR;
				CLANG_WARN_DOCUMENTATION_COMMENTS = YES;
				CLANG_WARN_EMPTY_BODY = YES;
				CLANG_WARN_ENUM_CONVERSION = YES;
				CLANG_WARN_INFINITE_RECURSION = YES;
				CLANG_WARN_INT_CONVERSION = YES;
				CLANG_WARN_NON_LITERAL_NULL_CONVERSION = YES;
				CLANG_WARN_OBJC_IMPLICIT_RETAIN_SELF = YES;
				CLANG_WARN_OBJC_LITERAL_CONVERSION = YES;
				CLANG_WARN_OBJC_ROOT_CLASS = YES_ERROR;
				CLANG_WARN_RANGE_LOOP_ANALYSIS = YES;
				CLANG_WARN_STRICT_PROTOTYPES = YES;
				CLANG_WARN_SUSPICIOUS_MOVE = YES;
				CLANG_WARN_UNGUARDED_AVAILABILITY = YES_AGGRESSIVE;
				CLANG_WARN_UNREACHABLE_CODE = YES;
				CLANG_WARN__DUPLICATE_METHOD_MATCH = YES;
				COPY_PHASE_STRIP = NO;
				DEBUG_INFORMATION_FORMAT = dwarf;
				ENABLE_STRICT_OBJC_MSGSEND = YES;
				ENABLE_TESTABILITY = YES;
				GCC_C_LANGUAGE_STANDARD = gnu11;
				GCC_DYNAMIC_NO_PIC = NO;
				GCC_NO_COMMON_BLOCKS = YES;
				GCC_OPTIMIZATION_LEVEL = 0;
				GCC_PREPROCESSOR_DEFINITIONS = (
					"DEBUG=1",
					"$(inherited)",
				);
				GCC_WARN_64_TO_32_BIT_CONVERSION = YES;
				GCC_WARN_ABOUT_RETURN_TYPE = YES_ERROR;
				GCC_WARN_UNDECLARED_SELECTOR = YES;
				GCC_WARN_UNINITIALIZED_AUTOS = YES_AGGRESSIVE;
				GCC_WARN_UNUSED_FUNCTION = YES;
				GCC_WARN_UNUSED_VARIABLE = YES;
				IPHONEOS_DEPLOYMENT_TARGET = 13.1;
				MTL_ENABLE_DEBUG_INFO = INCLUDE_SOURCE;
				MTL_FAST_MATH = YES;
				ONLY_ACTIVE_ARCH = YES;
				SDKROOT = iphoneos;
				SWIFT_ACTIVE_COMPILATION_CONDITIONS = DEBUG;
				SWIFT_OPTIMIZATION_LEVEL = "-Onone";
			};
			name = Debug;
		};
		828793AA2350DD600064ED4B /* Release */ = {
			isa = XCBuildConfiguration;
			buildSettings = {
				ALWAYS_SEARCH_USER_PATHS = NO;
				CLANG_ANALYZER_NONNULL = YES;
				CLANG_ANALYZER_NUMBER_OBJECT_CONVERSION = YES_AGGRESSIVE;
				CLANG_CXX_LANGUAGE_STANDARD = "gnu++14";
				CLANG_CXX_LIBRARY = "libc++";
				CLANG_ENABLE_MODULES = YES;
				CLANG_ENABLE_OBJC_ARC = YES;
				CLANG_ENABLE_OBJC_WEAK = YES;
				CLANG_WARN_BLOCK_CAPTURE_AUTORELEASING = YES;
				CLANG_WARN_BOOL_CONVERSION = YES;
				CLANG_WARN_COMMA = YES;
				CLANG_WARN_CONSTANT_CONVERSION = YES;
				CLANG_WARN_DEPRECATED_OBJC_IMPLEMENTATIONS = YES;
				CLANG_WARN_DIRECT_OBJC_ISA_USAGE = YES_ERROR;
				CLANG_WARN_DOCUMENTATION_COMMENTS = YES;
				CLANG_WARN_EMPTY_BODY = YES;
				CLANG_WARN_ENUM_CONVERSION = YES;
				CLANG_WARN_INFINITE_RECURSION = YES;
				CLANG_WARN_INT_CONVERSION = YES;
				CLANG_WARN_NON_LITERAL_NULL_CONVERSION = YES;
				CLANG_WARN_OBJC_IMPLICIT_RETAIN_SELF = YES;
				CLANG_WARN_OBJC_LITERAL_CONVERSION = YES;
				CLANG_WARN_OBJC_ROOT_CLASS = YES_ERROR;
				CLANG_WARN_RANGE_LOOP_ANALYSIS = YES;
				CLANG_WARN_STRICT_PROTOTYPES = YES;
				CLANG_WARN_SUSPICIOUS_MOVE = YES;
				CLANG_WARN_UNGUARDED_AVAILABILITY = YES_AGGRESSIVE;
				CLANG_WARN_UNREACHABLE_CODE = YES;
				CLANG_WARN__DUPLICATE_METHOD_MATCH = YES;
				COPY_PHASE_STRIP = NO;
				DEBUG_INFORMATION_FORMAT = "dwarf-with-dsym";
				ENABLE_NS_ASSERTIONS = NO;
				ENABLE_STRICT_OBJC_MSGSEND = YES;
				GCC_C_LANGUAGE_STANDARD = gnu11;
				GCC_NO_COMMON_BLOCKS = YES;
				GCC_WARN_64_TO_32_BIT_CONVERSION = YES;
				GCC_WARN_ABOUT_RETURN_TYPE = YES_ERROR;
				GCC_WARN_UNDECLARED_SELECTOR = YES;
				GCC_WARN_UNINITIALIZED_AUTOS = YES_AGGRESSIVE;
				GCC_WARN_UNUSED_FUNCTION = YES;
				GCC_WARN_UNUSED_VARIABLE = YES;
				IPHONEOS_DEPLOYMENT_TARGET = 13.1;
				MTL_ENABLE_DEBUG_INFO = NO;
				MTL_FAST_MATH = YES;
				SDKROOT = iphoneos;
				SWIFT_COMPILATION_MODE = wholemodule;
				SWIFT_OPTIMIZATION_LEVEL = "-O";
				VALIDATE_PRODUCT = YES;
			};
			name = Release;
		};
		828793AC2350DD600064ED4B /* Debug */ = {
			isa = XCBuildConfiguration;
			buildSettings = {
				ASSETCATALOG_COMPILER_APPICON_NAME = AppIcon;
				CODE_SIGN_STYLE = Automatic;
				DEVELOPMENT_ASSET_PATHS = "\"hlftrkr/Preview Content\"";
				ENABLE_PREVIEWS = YES;
				INFOPLIST_FILE = hlftrkr/Info.plist;
				IPHONEOS_DEPLOYMENT_TARGET = 13.0;
				LD_RUNPATH_SEARCH_PATHS = (
					"$(inherited)",
					"@executable_path/Frameworks",
				);
				PRODUCT_BUNDLE_IDENTIFIER = dev.flowudoky.hlftrkr;
				PRODUCT_NAME = "$(TARGET_NAME)";
				SWIFT_VERSION = 5.0;
				TARGETED_DEVICE_FAMILY = "1,2";
			};
			name = Debug;
		};
		828793AD2350DD600064ED4B /* Release */ = {
			isa = XCBuildConfiguration;
			buildSettings = {
				ASSETCATALOG_COMPILER_APPICON_NAME = AppIcon;
				CODE_SIGN_STYLE = Automatic;
				DEVELOPMENT_ASSET_PATHS = "\"hlftrkr/Preview Content\"";
				ENABLE_PREVIEWS = YES;
				INFOPLIST_FILE = hlftrkr/Info.plist;
				IPHONEOS_DEPLOYMENT_TARGET = 13.0;
				LD_RUNPATH_SEARCH_PATHS = (
					"$(inherited)",
					"@executable_path/Frameworks",
				);
				PRODUCT_BUNDLE_IDENTIFIER = dev.flowudoky.hlftrkr;
				PRODUCT_NAME = "$(TARGET_NAME)";
				SWIFT_VERSION = 5.0;
				TARGETED_DEVICE_FAMILY = "1,2";
			};
			name = Release;
		};
/* End XCBuildConfiguration section */

/* Begin XCConfigurationList section */
		828793922350DD5E0064ED4B /* Build configuration list for PBXProject "hlftrkr" */ = {
			isa = XCConfigurationList;
			buildConfigurations = (
				828793A92350DD600064ED4B /* Debug */,
				828793AA2350DD600064ED4B /* Release */,
			);
			defaultConfigurationIsVisible = 0;
			defaultConfigurationName = Release;
		};
		828793AB2350DD600064ED4B /* Build configuration list for PBXNativeTarget "hlftrkr" */ = {
			isa = XCConfigurationList;
			buildConfigurations = (
				828793AC2350DD600064ED4B /* Debug */,
				828793AD2350DD600064ED4B /* Release */,
			);
			defaultConfigurationIsVisible = 0;
			defaultConfigurationName = Release;
		};
/* End XCConfigurationList section */

/* Begin XCRemoteSwiftPackageReference section */
		5B88580F2350FBD9004F74B6 /* XCRemoteSwiftPackageReference "ChartView" */ = {
			isa = XCRemoteSwiftPackageReference;
			repositoryURL = "https://github.com/AppPear/ChartView";
			requirement = {
				kind = upToNextMajorVersion;
				minimumVersion = 1.3.0;
			};
		};
/* End XCRemoteSwiftPackageReference section */

/* Begin XCSwiftPackageProductDependency section */
		5B8858102350FBD9004F74B6 /* SwiftUICharts */ = {
			isa = XCSwiftPackageProductDependency;
			package = 5B88580F2350FBD9004F74B6 /* XCRemoteSwiftPackageReference "ChartView" */;
			productName = SwiftUICharts;
		};
/* End XCSwiftPackageProductDependency section */
	};
	rootObject = 8287938F2350DD5E0064ED4B /* Project object */;
}
